{
  "name": "tmpdisk-release-tools",
  "lockfileVersion": 3,
  "requires": true,
  "packages": {
    "": {
      "name": "tmpdisk-release-tools",
      "devDependencies": {
        "twinkle-appcast": "https://github.com/cosmicglue-io/twinkle/archive/8fdf6eb74ca51ba9d5d587d3c94e1032b68c79eb.tar.gz"
      }
    },
    "node_modules/twinkle-appcast": {
      "version": "0.1.0",
      "resolved": "https://github.com/cosmicglue-io/twinkle/archive/8fdf6eb74ca51ba9d5d587d3c94e1032b68c79eb.tar.gz",
      "integrity": "sha512-TL+w+dbtJryfgXOzD3lSE8ortQbhb2v3ZRmXeSD3sDAwkYYLji5Y6kIrd48ztPvrjSRrIcsqCYIF1AP/8u6XDA==",
      "dev": true,
      "license": "Apache-2.0",
      "bin": {
        "twinkle": "src/cli.mjs"
      },
      "engines": {
        "node": ">=22"
      }
    }
  }
}
