// !$*UTF8*$!
{
	archiveVersion = 1;
	classes = {
	};
	objectVersion = 55;
	objects = {

/* Begin PBXBuildFile section */
		220082442765504E00A8524B /* AppDelegate.swift in Sources */ = {isa = PBXBuildFile; fileRef = 220082432765504E00A8524B /* AppDelegate.swift */; };
		220082482765505100A8524B /* Assets.xcassets in Resources */ = {isa = PBXBuildFile; fileRef = 220082472765505100A8524B /* Assets.xcassets */; };
		2200824B2765505100A8524B /* Main.storyboard in Resources */ = {isa = PBXBuildFile; fileRef = 220082492765505100A8524B /* Main.storyboard */; };
		220082562765505100A8524B /* TmpDiskTests.swift in Sources */ = {isa = PBXBuildFile; fileRef = 220082552765505100A8524B /* TmpDiskTests.swift */; };
		220082602765505100A8524B /* TmpDiskUITests.swift in Sources */ = {isa = PBXBuildFile; fileRef = 2200825F2765505100A8524B /* TmpDiskUITests.swift */; };
		220082622765505100A8524B /* TmpDiskUITestsLaunchTests.swift in Sources */ = {isa = PBXBuildFile; fileRef = 220082612765505100A8524B /* TmpDiskUITestsLaunchTests.swift */; };
		22235EC027784F8200FBD8AC /* dsa_pub.pem in Resources */ = {isa = PBXBuildFile; fileRef = 22235EBF27784F8200FBD8AC /* dsa_pub.pem */; };
		2226C0D8294EAFF80043D2B7 /* IconUtil.swift in Sources */ = {isa = PBXBuildFile; fileRef = 2226C0D7294EAFF80043D2B7 /* IconUtil.swift */; };
		2255872A2B8EDB7900136543 /* main.swift in Sources */ = {isa = PBXBuildFile; fileRef = 225587292B8EDB7900136543 /* main.swift */; };
		225587352B8FA71E00136543 /* XPCServer.swift in Sources */ = {isa = PBXBuildFile; fileRef = 225587342B8FA71E00136543 /* XPCServer.swift */; };
		225587382B8FA74100136543 /* Constants.swift in Sources */ = {isa = PBXBuildFile; fileRef = 225587372B8FA74100136543 /* Constants.swift */; };
		2255873A2B8FA76500136543 /* Protocols.swift in Sources */ = {isa = PBXBuildFile; fileRef = 225587392B8FA76500136543 /* Protocols.swift */; };
		225587402B8FAA5C00136543 /* TmpDiskCreator.swift in Sources */ = {isa = PBXBuildFile; fileRef = 2255873F2B8FAA5C00136543 /* TmpDiskCreator.swift */; };
		225587422B8FAA9A00136543 /* XPCClient.swift in Sources */ = {isa = PBXBuildFile; fileRef = 225587412B8FAA9A00136543 /* XPCClient.swift */; };
		225587432B8FAAE100136543 /* Constants.swift in Sources */ = {isa = PBXBuildFile; fileRef = 225587372B8FA74100136543 /* Constants.swift */; };
		225587442B8FAAE400136543 /* Protocols.swift in Sources */ = {isa = PBXBuildFile; fileRef = 225587392B8FA76500136543 /* Protocols.swift */; };
		225587462B8FB23300136543 /* TmpDiskVolume.swift in Sources */ = {isa = PBXBuildFile; fileRef = 225587452B8FB23300136543 /* TmpDiskVolume.swift */; };
		225587482B8FB36900136543 /* Util.swift in Sources */ = {isa = PBXBuildFile; fileRef = 225587472B8FB36900136543 /* Util.swift */; };
		2255874A2B8FB38000136543 /* SecurityFoundation.framework in Frameworks */ = {isa = PBXBuildFile; fileRef = 225587492B8FB38000136543 /* SecurityFoundation.framework */; };
		2255874D2B8FB65200136543 /* SMJobBlessUtil.py in Resources */ = {isa = PBXBuildFile; fileRef = 2255874C2B8FB65200136543 /* SMJobBlessUtil.py */; };
		2255874E2B8FBA9200136543 /* com.imothee.TmpDiskHelper in CopyFiles */ = {isa = PBXBuildFile; fileRef = 225587272B8EDB7900136543 /* com.imothee.TmpDiskHelper */; settings = {ATTRIBUTES = (CodeSignOnCopy, ); }; };
		2264C5E2276553E600C45CB8 /* StatusBarController.swift in Sources */ = {isa = PBXBuildFile; fileRef = 2264C5E1276553E600C45CB8 /* StatusBarController.swift */; };
		2264C5E62765667500C45CB8 /* Localizable.strings in Resources */ = {isa = PBXBuildFile; fileRef = 2264C5E82765667500C45CB8 /* Localizable.strings */; };
		2264C5EC27657AAC00C45CB8 /* TmpDiskManager.swift in Sources */ = {isa = PBXBuildFile; fileRef = 2264C5EB27657AAC00C45CB8 /* TmpDiskManager.swift */; };
		2264C5EE2765C34000C45CB8 /* NewTmpDiskViewController.swift in Sources */ = {isa = PBXBuildFile; fileRef = 2264C5ED2765C34000C45CB8 /* NewTmpDiskViewController.swift */; };
		2283B6192D9F6B88007A55F5 /* FileSystemManager.swift in Sources */ = {isa = PBXBuildFile; fileRef = 2283B6182D9F6B7B007A55F5 /* FileSystemManager.swift */; };
		2283B61A2D9F6B88007A55F5 /* FileSystemManager.swift in Sources */ = {isa = PBXBuildFile; fileRef = 2283B6182D9F6B7B007A55F5 /* FileSystemManager.swift */; };
		2283B61C2D9F7ED5007A55F5 /* DropdownTableCellView.swift in Sources */ = {isa = PBXBuildFile; fileRef = 2283B61B2D9F7ECE007A55F5 /* DropdownTableCellView.swift */; };
		228DD7192772F23D00D6CAC3 /* PreferencesViewController.swift in Sources */ = {isa = PBXBuildFile; fileRef = 228DD7182772F23D00D6CAC3 /* PreferencesViewController.swift */; };
		228DD724277426B000D6CAC3 /* Sparkle in Frameworks */ = {isa = PBXBuildFile; productRef = 228DD723277426B000D6CAC3 /* Sparkle */; };
		229EFA552985EAEE001EADB2 /* AboutViewController.swift in Sources */ = {isa = PBXBuildFile; fileRef = 229EFA542985EAEE001EADB2 /* AboutViewController.swift */; };
		22A69350276FCDCD0040FDEF /* TmpDiskMenuItem.swift in Sources */ = {isa = PBXBuildFile; fileRef = 22A6934F276FCDCD0040FDEF /* TmpDiskMenuItem.swift */; };
		22A693572770014B0040FDEF /* ServiceManagement.framework in Frameworks */ = {isa = PBXBuildFile; fileRef = 22A693562770014B0040FDEF /* ServiceManagement.framework */; platformFilter = maccatalyst; };
		22A6935F277004E80040FDEF /* AppDelegate.swift in Sources */ = {isa = PBXBuildFile; fileRef = 22A6935E277004E80040FDEF /* AppDelegate.swift */; };
		22A69363277004E90040FDEF /* Assets.xcassets in Resources */ = {isa = PBXBuildFile; fileRef = 22A69362277004E90040FDEF /* Assets.xcassets */; };
		22A69366277004E90040FDEF /* Main.storyboard in Resources */ = {isa = PBXBuildFile; fileRef = 22A69364277004E90040FDEF /* Main.storyboard */; };
		22A69389277005B80040FDEF /* TmpDiskLauncher.app in CopyFiles */ = {isa = PBXBuildFile; fileRef = 22A6935C277004E80040FDEF /* TmpDiskLauncher.app */; settings = {ATTRIBUTES = (RemoveHeadersOnCopy, ); }; };
		22A6938B27700B4B0040FDEF /* AutoCreateManagerViewController.swift in Sources */ = {isa = PBXBuildFile; fileRef = 22A6938A27700B4B0040FDEF /* AutoCreateManagerViewController.swift */; };
		22A6938D27702BDF0040FDEF /* CheckBoxTableCellView.swift in Sources */ = {isa = PBXBuildFile; fileRef = 22A6938C27702BDF0040FDEF /* CheckBoxTableCellView.swift */; };
		22D93DBE27B85E0F0024FB53 /* WindowManager.swift in Sources */ = {isa = PBXBuildFile; fileRef = 22D93DBD27B85E0F0024FB53 /* WindowManager.swift */; };
/* End PBXBuildFile section */

/* Begin PBXContainerItemProxy section */
		220082522765505100A8524B /* PBXContainerItemProxy */ = {
			isa = PBXContainerItemProxy;
			containerPortal = 220082382765504E00A8524B /* Project object */;
			proxyType = 1;
			remoteGlobalIDString = 2200823F2765504E00A8524B;
			remoteInfo = TmpDisk;
		};
		2200825C2765505100A8524B /* PBXContainerItemProxy */ = {
			isa = PBXContainerItemProxy;
			containerPortal = 220082382765504E00A8524B /* Project object */;
			proxyType = 1;
			remoteGlobalIDString = 2200823F2765504E00A8524B;
			remoteInfo = TmpDisk;
		};
		2255874F2B8FBAA600136543 /* PBXContainerItemProxy */ = {
			isa = PBXContainerItemProxy;
			containerPortal = 220082382765504E00A8524B /* Project object */;
			proxyType = 1;
			remoteGlobalIDString = 225587262B8EDB7900136543;
			remoteInfo = com.imothee.TmpDiskHelper;
		};
/* End PBXContainerItemProxy section */

/* Begin PBXCopyFilesBuildPhase section */
		225587252B8EDB7900136543 /* CopyFiles */ = {
			isa = PBXCopyFilesBuildPhase;
			buildActionMask = 2147483647;
			dstPath = /usr/share/man/man1/;
			dstSubfolderSpec = 0;
			files = (
			);
			runOnlyForDeploymentPostprocessing = 1;
		};
		225587302B8EDBEC00136543 /* CopyFiles */ = {
			isa = PBXCopyFilesBuildPhase;
			buildActionMask = 2147483647;
			dstPath = Contents/Library/LaunchServices;
			dstSubfolderSpec = 1;
			files = (
				2255874E2B8FBA9200136543 /* com.imothee.TmpDiskHelper in CopyFiles */,
			);
			runOnlyForDeploymentPostprocessing = 0;
		};
		22A69388277005A00040FDEF /* CopyFiles */ = {
			isa = PBXCopyFilesBuildPhase;
			buildActionMask = 2147483647;
			dstPath = Contents/Library/LoginItems;
			dstSubfolderSpec = 1;
			files = (
				22A69389277005B80040FDEF /* TmpDiskLauncher.app in CopyFiles */,
			);
			runOnlyForDeploymentPostprocessing = 0;
		};
/* End PBXCopyFilesBuildPhase section */

/* Begin PBXFileReference section */
		220082402765504E00A8524B /* TmpDisk.app */ = {isa = PBXFileReference; explicitFileType = wrapper.application; includeInIndex = 0; path = TmpDisk.app; sourceTree = BUILT_PRODUCTS_DIR; };
		220082432765504E00A8524B /* AppDelegate.swift */ = {isa = PBXFileReference; lastKnownFileType = sourcecode.swift; path = AppDelegate.swift; sourceTree = "<group>"; };
		220082472765505100A8524B /* Assets.xcassets */ = {isa = PBXFileReference; lastKnownFileType = folder.assetcatalog; path = Assets.xcassets; sourceTree = "<group>"; };
		2200824A2765505100A8524B /* Base */ = {isa = PBXFileReference; lastKnownFileType = file.storyboard; name = Base; path = Base.lproj/Main.storyboard; sourceTree = "<group>"; };
		2200824C2765505100A8524B /* TmpDisk.entitlements */ = {isa = PBXFileReference; lastKnownFileType = text.plist.entitlements; path = TmpDisk.entitlements; sourceTree = "<group>"; };
		220082512765505100A8524B /* TmpDiskTests.xctest */ = {isa = PBXFileReference; explicitFileType = wrapper.cfbundle; includeInIndex = 0; path = TmpDiskTests.xctest; sourceTree = BUILT_PRODUCTS_DIR; };
		220082552765505100A8524B /* TmpDiskTests.swift */ = {isa = PBXFileReference; lastKnownFileType = sourcecode.swift; path = TmpDiskTests.swift; sourceTree = "<group>"; };
		2200825B2765505100A8524B /* TmpDiskUITests.xctest */ = {isa = PBXFileReference; explicitFileType = wrapper.cfbundle; includeInIndex = 0; path = TmpDiskUITests.xctest; sourceTree = BUILT_PRODUCTS_DIR; };
		2200825F2765505100A8524B /* TmpDiskUITests.swift */ = {isa = PBXFileReference; lastKnownFileType = sourcecode.swift; path = TmpDiskUITests.swift; sourceTree = "<group>"; };
		220082612765505100A8524B /* TmpDiskUITestsLaunchTests.swift */ = {isa = PBXFileReference; lastKnownFileType = sourcecode.swift; path = TmpDiskUITestsLaunchTests.swift; sourceTree = "<group>"; };
		2200826E2765508C00A8524B /* Info.plist */ = {isa = PBXFileReference; lastKnownFileType = text.plist; path = Info.plist; sourceTree = "<group>"; };
		220E0556299DD3D200F822F6 /* es */ = {isa = PBXFileReference; lastKnownFileType = text.plist.strings; name = es; path = es.lproj/Main.strings; sourceTree = "<group>"; };
		220E0557299DD3D200F822F6 /* es */ = {isa = PBXFileReference; lastKnownFileType = text.plist.strings; name = es; path = es.lproj/Main.strings; sourceTree = "<group>"; };
		220E0558299DD3D200F822F6 /* es */ = {isa = PBXFileReference; lastKnownFileType = text.plist.strings; name = es; path = es.lproj/Localizable.strings; sourceTree = "<group>"; };
		22235EBF27784F8200FBD8AC /* dsa_pub.pem */ = {isa = PBXFileReference; fileEncoding = 4; lastKnownFileType = text; path = dsa_pub.pem; sourceTree = "<group>"; };
		2226C0D7294EAFF80043D2B7 /* IconUtil.swift */ = {isa = PBXFileReference; lastKnownFileType = sourcecode.swift; path = IconUtil.swift; sourceTree = "<group>"; };
		225587272B8EDB7900136543 /* com.imothee.TmpDiskHelper */ = {isa = PBXFileReference; explicitFileType = "compiled.mach-o.executable"; includeInIndex = 0; path = com.imothee.TmpDiskHelper; sourceTree = BUILT_PRODUCTS_DIR; };
		225587292B8EDB7900136543 /* main.swift */ = {isa = PBXFileReference; lastKnownFileType = sourcecode.swift; path = main.swift; sourceTree = "<group>"; };
		225587322B8F962900136543 /* Info.plist */ = {isa = PBXFileReference; lastKnownFileType = text.plist.xml; path = Info.plist; sourceTree = "<group>"; };
		225587332B8F963C00136543 /* launchd.plist */ = {isa = PBXFileReference; lastKnownFileType = text.plist.xml; path = launchd.plist; sourceTree = "<group>"; };
		225587342B8FA71E00136543 /* XPCServer.swift */ = {isa = PBXFileReference; lastKnownFileType = sourcecode.swift; path = XPCServer.swift; sourceTree = "<group>"; };
		225587372B8FA74100136543 /* Constants.swift */ = {isa = PBXFileReference; lastKnownFileType = sourcecode.swift; path = Constants.swift; sourceTree = "<group>"; };
		225587392B8FA76500136543 /* Protocols.swift */ = {isa = PBXFileReference; lastKnownFileType = sourcecode.swift; path = Protocols.swift; sourceTree = "<group>"; };
		2255873B2B8FA7C800136543 /* NSXPCConnection+AuditToken.h */ = {isa = PBXFileReference; lastKnownFileType = sourcecode.c.h; path = "NSXPCConnection+AuditToken.h"; sourceTree = "<group>"; };
		2255873E2B8FA9B500136543 /* com.imothee.TmpDiskHelper-Bridging-Header.h */ = {isa = PBXFileReference; lastKnownFileType = sourcecode.c.h; path = "com.imothee.TmpDiskHelper-Bridging-Header.h"; sourceTree = "<group>"; };
		2255873F2B8FAA5C00136543 /* TmpDiskCreator.swift */ = {isa = PBXFileReference; lastKnownFileType = sourcecode.swift; path = TmpDiskCreator.swift; sourceTree = "<group>"; };
		225587412B8FAA9A00136543 /* XPCClient.swift */ = {isa = PBXFileReference; lastKnownFileType = sourcecode.swift; path = XPCClient.swift; sourceTree = "<group>"; };
		225587452B8FB23300136543 /* TmpDiskVolume.swift */ = {isa = PBXFileReference; lastKnownFileType = sourcecode.swift; path = TmpDiskVolume.swift; sourceTree = "<group>"; };
		225587472B8FB36900136543 /* Util.swift */ = {isa = PBXFileReference; lastKnownFileType = sourcecode.swift; path = Util.swift; sourceTree = "<group>"; };
		225587492B8FB38000136543 /* SecurityFoundation.framework */ = {isa = PBXFileReference; lastKnownFileType = wrapper.framework; name = SecurityFoundation.framework; path = System/Library/Frameworks/SecurityFoundation.framework; sourceTree = SDKROOT; };
		2255874C2B8FB65200136543 /* SMJobBlessUtil.py */ = {isa = PBXFileReference; fileEncoding = 4; lastKnownFileType = text.script.python; path = SMJobBlessUtil.py; sourceTree = "<group>"; };
		2264C5E1276553E600C45CB8 /* StatusBarController.swift */ = {isa = PBXFileReference; fileEncoding = 4; lastKnownFileType = sourcecode.swift; path = StatusBarController.swift; sourceTree = "<group>"; };
		2264C5E72765667500C45CB8 /* en */ = {isa = PBXFileReference; lastKnownFileType = text.plist.strings; name = en; path = en.lproj/Localizable.strings; sourceTree = "<group>"; };
		2264C5E92765667700C45CB8 /* zh-Hans */ = {isa = PBXFileReference; lastKnownFileType = text.plist.strings; name = "zh-Hans"; path = "zh-Hans.lproj/Localizable.strings"; sourceTree = "<group>"; };
		2264C5EB27657AAC00C45CB8 /* TmpDiskManager.swift */ = {isa = PBXFileReference; lastKnownFileType = sourcecode.swift; path = TmpDiskManager.swift; sourceTree = "<group>"; };
		2264C5ED2765C34000C45CB8 /* NewTmpDiskViewController.swift */ = {isa = PBXFileReference; lastKnownFileType = sourcecode.swift; path = NewTmpDiskViewController.swift; sourceTree = "<group>"; };
		227AF1D52C4D8D5200F3A91B /* build.sh */ = {isa = PBXFileReference; lastKnownFileType = text.script.sh; path = build.sh; sourceTree = "<group>"; };
		2283B6182D9F6B7B007A55F5 /* FileSystemManager.swift */ = {isa = PBXFileReference; lastKnownFileType = sourcecode.swift; path = FileSystemManager.swift; sourceTree = "<group>"; };
		2283B61B2D9F7ECE007A55F5 /* DropdownTableCellView.swift */ = {isa = PBXFileReference; lastKnownFileType = sourcecode.swift; path = DropdownTableCellView.swift; sourceTree = "<group>"; };
		228DD7182772F23D00D6CAC3 /* PreferencesViewController.swift */ = {isa = PBXFileReference; lastKnownFileType = sourcecode.swift; path = PreferencesViewController.swift; sourceTree = "<group>"; };
		229EFA542985EAEE001EADB2 /* AboutViewController.swift */ = {isa = PBXFileReference; lastKnownFileType = sourcecode.swift; path = AboutViewController.swift; sourceTree = "<group>"; };
		229EFA572985FEB9001EADB2 /* zh-Hans */ = {isa = PBXFileReference; lastKnownFileType = text.plist.strings; name = "zh-Hans"; path = "zh-Hans.lproj/Main.strings"; sourceTree = "<group>"; };
		22A6934F276FCDCD0040FDEF /* TmpDiskMenuItem.swift */ = {isa = PBXFileReference; lastKnownFileType = sourcecode.swift; path = TmpDiskMenuItem.swift; sourceTree = "<group>"; };
		22A693562770014B0040FDEF /* ServiceManagement.framework */ = {isa = PBXFileReference; lastKnownFileType = wrapper.framework; name = ServiceManagement.framework; path = System/Library/Frameworks/ServiceManagement.framework; sourceTree = SDKROOT; };
		22A6935C277004E80040FDEF /* TmpDiskLauncher.app */ = {isa = PBXFileReference; explicitFileType = wrapper.application; includeInIndex = 0; path = TmpDiskLauncher.app; sourceTree = BUILT_PRODUCTS_DIR; };
		22A6935E277004E80040FDEF /* AppDelegate.swift */ = {isa = PBXFileReference; lastKnownFileType = sourcecode.swift; path = AppDelegate.swift; sourceTree = "<group>"; };
		22A69362277004E90040FDEF /* Assets.xcassets */ = {isa = PBXFileReference; lastKnownFileType = folder.assetcatalog; path = Assets.xcassets; sourceTree = "<group>"; };
		22A69365277004E90040FDEF /* Base */ = {isa = PBXFileReference; lastKnownFileType = file.storyboard; name = Base; path = Base.lproj/Main.storyboard; sourceTree = "<group>"; };
		22A69367277004E90040FDEF /* TmpDiskLauncher.entitlements */ = {isa = PBXFileReference; lastKnownFileType = text.plist.entitlements; path = TmpDiskLauncher.entitlements; sourceTree = "<group>"; };
		22A69387277005840040FDEF /* Info.plist */ = {isa = PBXFileReference; lastKnownFileType = text.plist; path = Info.plist; sourceTree = "<group>"; };
		22A6938A27700B4B0040FDEF /* AutoCreateManagerViewController.swift */ = {isa = PBXFileReference; lastKnownFileType = sourcecode.swift; path = AutoCreateManagerViewController.swift; sourceTree = "<group>"; };
		22A6938C27702BDF0040FDEF /* CheckBoxTableCellView.swift */ = {isa = PBXFileReference; lastKnownFileType = sourcecode.swift; path = CheckBoxTableCellView.swift; sourceTree = "<group>"; };
		22D93DBD27B85E0F0024FB53 /* WindowManager.swift */ = {isa = PBXFileReference; lastKnownFileType = sourcecode.swift; path = WindowManager.swift; sourceTree = "<group>"; };
/* End PBXFileReference section */

/* Begin PBXFrameworksBuildPhase section */
		2200823D2765504E00A8524B /* Frameworks */ = {
			isa = PBXFrameworksBuildPhase;
			buildActionMask = 2147483647;
			files = (
				2255874A2B8FB38000136543 /* SecurityFoundation.framework in Frameworks */,
				22A693572770014B0040FDEF /* ServiceManagement.framework in Frameworks */,
				228DD724277426B000D6CAC3 /* Sparkle in Frameworks */,
			);
			runOnlyForDeploymentPostprocessing = 0;
		};
		2200824E2765505100A8524B /* Frameworks */ = {
			isa = PBXFrameworksBuildPhase;
			buildActionMask = 2147483647;
			files = (
			);
			runOnlyForDeploymentPostprocessing = 0;
		};
		220082582765505100A8524B /* Frameworks */ = {
			isa = PBXFrameworksBuildPhase;
			buildActionMask = 2147483647;
			files = (
			);
			runOnlyForDeploymentPostprocessing = 0;
		};
		225587242B8EDB7900136543 /* Frameworks */ = {
			isa = PBXFrameworksBuildPhase;
			buildActionMask = 2147483647;
			files = (
			);
			runOnlyForDeploymentPostprocessing = 0;
		};
		22A69359277004E80040FDEF /* Frameworks */ = {
			isa = PBXFrameworksBuildPhase;
			buildActionMask = 2147483647;
			files = (
			);
			runOnlyForDeploymentPostprocessing = 0;
		};
/* End PBXFrameworksBuildPhase section */

/* Begin PBXGroup section */
		220082372765504E00A8524B = {
			isa = PBXGroup;
			children = (
				227AF1D02C4D81C000F3A91B /* BuildScripts */,
				225587362B8FA73600136543 /* Common */,
				220082422765504E00A8524B /* TmpDisk */,
				220082542765505100A8524B /* TmpDiskTests */,
				2200825E2765505100A8524B /* TmpDiskUITests */,
				22A6935D277004E80040FDEF /* TmpDiskLauncher */,
				225587282B8EDB7900136543 /* com.imothee.TmpDiskHelper */,
				220082412765504E00A8524B /* Products */,
				22A693552770014B0040FDEF /* Frameworks */,
			);
			sourceTree = "<group>";
		};
		220082412765504E00A8524B /* Products */ = {
			isa = PBXGroup;
			children = (
				220082402765504E00A8524B /* TmpDisk.app */,
				220082512765505100A8524B /* TmpDiskTests.xctest */,
				2200825B2765505100A8524B /* TmpDiskUITests.xctest */,
				22A6935C277004E80040FDEF /* TmpDiskLauncher.app */,
				225587272B8EDB7900136543 /* com.imothee.TmpDiskHelper */,
			);
			name = Products;
			sourceTree = "<group>";
		};
		220082422765504E00A8524B /* TmpDisk */ = {
			isa = PBXGroup;
			children = (
				2264C5EA27657A7E00C45CB8 /* Views */,
				220082432765504E00A8524B /* AppDelegate.swift */,
				2226C0D7294EAFF80043D2B7 /* IconUtil.swift */,
				2264C5E1276553E600C45CB8 /* StatusBarController.swift */,
				2264C5EB27657AAC00C45CB8 /* TmpDiskManager.swift */,
				225587472B8FB36900136543 /* Util.swift */,
				225587412B8FAA9A00136543 /* XPCClient.swift */,
				22D93DBD27B85E0F0024FB53 /* WindowManager.swift */,
				220082472765505100A8524B /* Assets.xcassets */,
				22235EBF27784F8200FBD8AC /* dsa_pub.pem */,
				2200826E2765508C00A8524B /* Info.plist */,
				220082492765505100A8524B /* Main.storyboard */,
				2200824C2765505100A8524B /* TmpDisk.entitlements */,
				2264C5E82765667500C45CB8 /* Localizable.strings */,
			);
			path = TmpDisk;
			sourceTree = "<group>";
		};
		220082542765505100A8524B /* TmpDiskTests */ = {
			isa = PBXGroup;
			children = (
				2255874C2B8FB65200136543 /* SMJobBlessUtil.py */,
				220082552765505100A8524B /* TmpDiskTests.swift */,
			);
			path = TmpDiskTests;
			sourceTree = "<group>";
		};
		2200825E2765505100A8524B /* TmpDiskUITests */ = {
			isa = PBXGroup;
			children = (
				2200825F2765505100A8524B /* TmpDiskUITests.swift */,
				220082612765505100A8524B /* TmpDiskUITestsLaunchTests.swift */,
			);
			path = TmpDiskUITests;
			sourceTree = "<group>";
		};
		225587282B8EDB7900136543 /* com.imothee.TmpDiskHelper */ = {
			isa = PBXGroup;
			children = (
				225587292B8EDB7900136543 /* main.swift */,
				225587322B8F962900136543 /* Info.plist */,
				225587332B8F963C00136543 /* launchd.plist */,
				225587342B8FA71E00136543 /* XPCServer.swift */,
				2255873B2B8FA7C800136543 /* NSXPCConnection+AuditToken.h */,
				2255873E2B8FA9B500136543 /* com.imothee.TmpDiskHelper-Bridging-Header.h */,
				2255873F2B8FAA5C00136543 /* TmpDiskCreator.swift */,
			);
			path = com.imothee.TmpDiskHelper;
			sourceTree = "<group>";
		};
		225587362B8FA73600136543 /* Common */ = {
			isa = PBXGroup;
			children = (
				225587372B8FA74100136543 /* Constants.swift */,
				2283B6182D9F6B7B007A55F5 /* FileSystemManager.swift */,
				225587392B8FA76500136543 /* Protocols.swift */,
				225587452B8FB23300136543 /* TmpDiskVolume.swift */,
			);
			path = Common;
			sourceTree = "<group>";
		};
		2264C5EA27657A7E00C45CB8 /* Views */ = {
			isa = PBXGroup;
			children = (
				229EFA542985EAEE001EADB2 /* AboutViewController.swift */,
				22A6938A27700B4B0040FDEF /* AutoCreateManagerViewController.swift */,
				22A6938C27702BDF0040FDEF /* CheckBoxTableCellView.swift */,
				2283B61B2D9F7ECE007A55F5 /* DropdownTableCellView.swift */,
				2264C5ED2765C34000C45CB8 /* NewTmpDiskViewController.swift */,
				228DD7182772F23D00D6CAC3 /* PreferencesViewController.swift */,
				22A6934F276FCDCD0040FDEF /* TmpDiskMenuItem.swift */,
			);
			path = Views;
			sourceTree = "<group>";
		};
		227AF1D02C4D81C000F3A91B /* BuildScripts */ = {
			isa = PBXGroup;
			children = (
				227AF1D52C4D8D5200F3A91B /* build.sh */,
			);
			path = BuildScripts;
			sourceTree = "<group>";
		};
		22A693552770014B0040FDEF /* Frameworks */ = {
			isa = PBXGroup;
			children = (
				225587492B8FB38000136543 /* SecurityFoundation.framework */,
				22A693562770014B0040FDEF /* ServiceManagement.framework */,
			);
			name = Frameworks;
			sourceTree = "<group>";
		};
		22A6935D277004E80040FDEF /* TmpDiskLauncher */ = {
			isa = PBXGroup;
			children = (
				22A69387277005840040FDEF /* Info.plist */,
				22A6935E277004E80040FDEF /* AppDelegate.swift */,
				22A69362277004E90040FDEF /* Assets.xcassets */,
				22A69364277004E90040FDEF /* Main.storyboard */,
				22A69367277004E90040FDEF /* TmpDiskLauncher.entitlements */,
			);
			path = TmpDiskLauncher;
			sourceTree = "<group>";
		};
/* End PBXGroup section */

/* Begin PBXNativeTarget section */
		2200823F2765504E00A8524B /* TmpDisk */ = {
			isa = PBXNativeTarget;
			buildConfigurationList = 220082652765505100A8524B /* Build configuration list for PBXNativeTarget "TmpDisk" */;
			buildPhases = (
				227AF1D42C4D897200F3A91B /* ShellScript */,
				2200823C2765504E00A8524B /* Sources */,
				2200823D2765504E00A8524B /* Frameworks */,
				2200823E2765504E00A8524B /* Resources */,
				22A69388277005A00040FDEF /* CopyFiles */,
				225587302B8EDBEC00136543 /* CopyFiles */,
			);
			buildRules = (
			);
			dependencies = (
				225587502B8FBAA600136543 /* PBXTargetDependency */,
			);
			name = TmpDisk;
			packageProductDependencies = (
				228DD723277426B000D6CAC3 /* Sparkle */,
			);
			productName = TmpDisk;
			productReference = 220082402765504E00A8524B /* TmpDisk.app */;
			productType = "com.apple.product-type.application";
		};
		220082502765505100A8524B /* TmpDiskTests */ = {
			isa = PBXNativeTarget;
			buildConfigurationList = 220082682765505100A8524B /* Build configuration list for PBXNativeTarget "TmpDiskTests" */;
			buildPhases = (
				2200824D2765505100A8524B /* Sources */,
				2200824E2765505100A8524B /* Frameworks */,
				2200824F2765505100A8524B /* Resources */,
			);
			buildRules = (
			);
			dependencies = (
				220082532765505100A8524B /* PBXTargetDependency */,
			);
			name = TmpDiskTests;
			productName = TmpDiskTests;
			productReference = 220082512765505100A8524B /* TmpDiskTests.xctest */;
			productType = "com.apple.product-type.bundle.unit-test";
		};
		2200825A2765505100A8524B /* TmpDiskUITests */ = {
			isa = PBXNativeTarget;
			buildConfigurationList = 2200826B2765505100A8524B /* Build configuration list for PBXNativeTarget "TmpDiskUITests" */;
			buildPhases = (
				220082572765505100A8524B /* Sources */,
				220082582765505100A8524B /* Frameworks */,
				220082592765505100A8524B /* Resources */,
			);
			buildRules = (
			);
			dependencies = (
				2200825D2765505100A8524B /* PBXTargetDependency */,
			);
			name = TmpDiskUITests;
			productName = TmpDiskUITests;
			productReference = 2200825B2765505100A8524B /* TmpDiskUITests.xctest */;
			productType = "com.apple.product-type.bundle.ui-testing";
		};
		225587262B8EDB7900136543 /* com.imothee.TmpDiskHelper */ = {
			isa = PBXNativeTarget;
			buildConfigurationList = 2255872B2B8EDB7900136543 /* Build configuration list for PBXNativeTarget "com.imothee.TmpDiskHelper" */;
			buildPhases = (
				227AF1D62C4D9C5800F3A91B /* ShellScript */,
				225587232B8EDB7900136543 /* Sources */,
				225587242B8EDB7900136543 /* Frameworks */,
				225587252B8EDB7900136543 /* CopyFiles */,
			);
			buildRules = (
			);
			dependencies = (
			);
			name = com.imothee.TmpDiskHelper;
			productName = TmpDiskHelper;
			productReference = 225587272B8EDB7900136543 /* com.imothee.TmpDiskHelper */;
			productType = "com.apple.product-type.tool";
		};
		22A6935B277004E80040FDEF /* TmpDiskLauncher */ = {
			isa = PBXNativeTarget;
			buildConfigurationList = 22A6937E277004EA0040FDEF /* Build configuration list for PBXNativeTarget "TmpDiskLauncher" */;
			buildPhases = (
				22A69358277004E80040FDEF /* Sources */,
				22A69359277004E80040FDEF /* Frameworks */,
				22A6935A277004E80040FDEF /* Resources */,
			);
			buildRules = (
			);
			dependencies = (
			);
			name = TmpDiskLauncher;
			productName = TmpDiskLauncher;
			productReference = 22A6935C277004E80040FDEF /* TmpDiskLauncher.app */;
			productType = "com.apple.product-type.application";
		};
/* End PBXNativeTarget section */

/* Begin PBXProject section */
		220082382765504E00A8524B /* Project object */ = {
			isa = PBXProject;
			attributes = {
				BuildIndependentTargetsInParallel = 1;
				LastSwiftUpdateCheck = 1520;
				LastUpgradeCheck = 1410;
				TargetAttributes = {
					2200823F2765504E00A8524B = {
						CreatedOnToolsVersion = 13.1;
					};
					220082502765505100A8524B = {
						CreatedOnToolsVersion = 13.1;
						TestTargetID = 2200823F2765504E00A8524B;
					};
					2200825A2765505100A8524B = {
						CreatedOnToolsVersion = 13.1;
						TestTargetID = 2200823F2765504E00A8524B;
					};
					225587262B8EDB7900136543 = {
						CreatedOnToolsVersion = 15.2;
					};
					22A6935B277004E80040FDEF = {
						CreatedOnToolsVersion = 13.2.1;
					};
				};
			};
			buildConfigurationList = 2200823B2765504E00A8524B /* Build configuration list for PBXProject "TmpDisk" */;
			compatibilityVersion = "Xcode 13.0";
			developmentRegion = en;
			hasScannedForEncodings = 0;
			knownRegions = (
				en,
				Base,
				"zh-Hans",
				es,
			);
			mainGroup = 220082372765504E00A8524B;
			packageReferences = (
				228DD722277426B000D6CAC3 /* XCRemoteSwiftPackageReference "Sparkle" */,
			);
			productRefGroup = 220082412765504E00A8524B /* Products */;
			projectDirPath = "";
			projectRoot = "";
			targets = (
				2200823F2765504E00A8524B /* TmpDisk */,
				220082502765505100A8524B /* TmpDiskTests */,
				2200825A2765505100A8524B /* TmpDiskUITests */,
				22A6935B277004E80040FDEF /* TmpDiskLauncher */,
				225587262B8EDB7900136543 /* com.imothee.TmpDiskHelper */,
			);
		};
/* End PBXProject section */

/* Begin PBXResourcesBuildPhase section */
		2200823E2765504E00A8524B /* Resources */ = {
			isa = PBXResourcesBuildPhase;
			buildActionMask = 2147483647;
			files = (
				220082482765505100A8524B /* Assets.xcassets in Resources */,
				22235EC027784F8200FBD8AC /* dsa_pub.pem in Resources */,
				2264C5E62765667500C45CB8 /* Localizable.strings in Resources */,
				2200824B2765505100A8524B /* Main.storyboard in Resources */,
			);
			runOnlyForDeploymentPostprocessing = 0;
		};
		2200824F2765505100A8524B /* Resources */ = {
			isa = PBXResourcesBuildPhase;
			buildActionMask = 2147483647;
			files = (
				2255874D2B8FB65200136543 /* SMJobBlessUtil.py in Resources */,
			);
			runOnlyForDeploymentPostprocessing = 0;
		};
		220082592765505100A8524B /* Resources */ = {
			isa = PBXResourcesBuildPhase;
			buildActionMask = 2147483647;
			files = (
			);
			runOnlyForDeploymentPostprocessing = 0;
		};
		22A6935A277004E80040FDEF /* Resources */ = {
			isa = PBXResourcesBuildPhase;
			buildActionMask = 2147483647;
			files = (
				22A69363277004E90040FDEF /* Assets.xcassets in Resources */,
				22A69366277004E90040FDEF /* Main.storyboard in Resources */,
			);
			runOnlyForDeploymentPostprocessing = 0;
		};
/* End PBXResourcesBuildPhase section */

/* Begin PBXShellScriptBuildPhase section */
		227AF1D42C4D897200F3A91B /* ShellScript */ = {
			isa = PBXShellScriptBuildPhase;
			alwaysOutOfDate = 1;
			buildActionMask = 2147483647;
			files = (
			);
			inputFileListPaths = (
			);
			inputPaths = (
			);
			outputFileListPaths = (
			);
			outputPaths = (
			);
			runOnlyForDeploymentPostprocessing = 0;
			shellPath = /bin/sh;
			shellScript = "${SRCROOT}/BuildScripts/build.sh\n";
			showEnvVarsInLog = 0;
		};
		227AF1D62C4D9C5800F3A91B /* ShellScript */ = {
			isa = PBXShellScriptBuildPhase;
			alwaysOutOfDate = 1;
			buildActionMask = 2147483647;
			files = (
			);
			inputFileListPaths = (
			);
			inputPaths = (
			);
			outputFileListPaths = (
			);
			outputPaths = (
			);
			runOnlyForDeploymentPostprocessing = 0;
			shellPath = /bin/sh;
			shellScript = "${SRCROOT}/BuildScripts/build.sh\n";
		};
/* End PBXShellScriptBuildPhase section */

/* Begin PBXSourcesBuildPhase section */
		2200823C2765504E00A8524B /* Sources */ = {
			isa = PBXSourcesBuildPhase;
			buildActionMask = 2147483647;
			files = (
				225587442B8FAAE400136543 /* Protocols.swift in Sources */,
				225587432B8FAAE100136543 /* Constants.swift in Sources */,
				225587462B8FB23300136543 /* TmpDiskVolume.swift in Sources */,
				225587482B8FB36900136543 /* Util.swift in Sources */,
				2283B61C2D9F7ED5007A55F5 /* DropdownTableCellView.swift in Sources */,
				225587422B8FAA9A00136543 /* XPCClient.swift in Sources */,
				22A69350276FCDCD0040FDEF /* TmpDiskMenuItem.swift in Sources */,
				228DD7192772F23D00D6CAC3 /* PreferencesViewController.swift in Sources */,
				229EFA552985EAEE001EADB2 /* AboutViewController.swift in Sources */,
				2283B61A2D9F6B88007A55F5 /* FileSystemManager.swift in Sources */,
				22A6938B27700B4B0040FDEF /* AutoCreateManagerViewController.swift in Sources */,
				2264C5EE2765C34000C45CB8 /* NewTmpDiskViewController.swift in Sources */,
				2264C5EC27657AAC00C45CB8 /* TmpDiskManager.swift in Sources */,
				22D93DBE27B85E0F0024FB53 /* WindowManager.swift in Sources */,
				2226C0D8294EAFF80043D2B7 /* IconUtil.swift in Sources */,
				2264C5E2276553E600C45CB8 /* StatusBarController.swift in Sources */,
				22A6938D27702BDF0040FDEF /* CheckBoxTableCellView.swift in Sources */,
				220082442765504E00A8524B /* AppDelegate.swift in Sources */,
			);
			runOnlyForDeploymentPostprocessing = 0;
		};
		2200824D2765505100A8524B /* Sources */ = {
			isa = PBXSourcesBuildPhase;
			buildActionMask = 2147483647;
			files = (
				220082562765505100A8524B /* TmpDiskTests.swift in Sources */,
			);
			runOnlyForDeploymentPostprocessing = 0;
		};
		220082572765505100A8524B /* Sources */ = {
			isa = PBXSourcesBuildPhase;
			buildActionMask = 2147483647;
			files = (
				220082602765505100A8524B /* TmpDiskUITests.swift in Sources */,
				220082622765505100A8524B /* TmpDiskUITestsLaunchTests.swift in Sources */,
			);
			runOnlyForDeploymentPostprocessing = 0;
		};
		225587232B8EDB7900136543 /* Sources */ = {
			isa = PBXSourcesBuildPhase;
			buildActionMask = 2147483647;
			files = (
				225587402B8FAA5C00136543 /* TmpDiskCreator.swift in Sources */,
				225587352B8FA71E00136543 /* XPCServer.swift in Sources */,
				2283B6192D9F6B88007A55F5 /* FileSystemManager.swift in Sources */,
				2255872A2B8EDB7900136543 /* main.swift in Sources */,
				225587382B8FA74100136543 /* Constants.swift in Sources */,
				2255873A2B8FA76500136543 /* Protocols.swift in Sources */,
			);
			runOnlyForDeploymentPostprocessing = 0;
		};
		22A69358277004E80040FDEF /* Sources */ = {
			isa = PBXSourcesBuildPhase;
			buildActionMask = 2147483647;
			files = (
				22A6935F277004E80040FDEF /* AppDelegate.swift in Sources */,
			);
			runOnlyForDeploymentPostprocessing = 0;
		};
/* End PBXSourcesBuildPhase section */

/* Begin PBXTargetDependency section */
		220082532765505100A8524B /* PBXTargetDependency */ = {
			isa = PBXTargetDependency;
			target = 2200823F2765504E00A8524B /* TmpDisk */;
			targetProxy = 220082522765505100A8524B /* PBXContainerItemProxy */;
		};
		2200825D2765505100A8524B /* PBXTargetDependency */ = {
			isa = PBXTargetDependency;
			target = 2200823F2765504E00A8524B /* TmpDisk */;
			targetProxy = 2200825C2765505100A8524B /* PBXContainerItemProxy */;
		};
		225587502B8FBAA600136543 /* PBXTargetDependency */ = {
			isa = PBXTargetDependency;
			target = 225587262B8EDB7900136543 /* com.imothee.TmpDiskHelper */;
			targetProxy = 2255874F2B8FBAA600136543 /* PBXContainerItemProxy */;
		};
/* End PBXTargetDependency section */

/* Begin PBXVariantGroup section */
		220082492765505100A8524B /* Main.storyboard */ = {
			isa = PBXVariantGroup;
			children = (
				2200824A2765505100A8524B /* Base */,
				229EFA572985FEB9001EADB2 /* zh-Hans */,
				220E0556299DD3D200F822F6 /* es */,
			);
			name = Main.storyboard;
			sourceTree = "<group>";
		};
		2264C5E82765667500C45CB8 /* Localizable.strings */ = {
			isa = PBXVariantGroup;
			children = (
				2264C5E72765667500C45CB8 /* en */,
				2264C5E92765667700C45CB8 /* zh-Hans */,
				220E0558299DD3D200F822F6 /* es */,
			);
			name = Localizable.strings;
			sourceTree = "<group>";
		};
		22A69364277004E90040FDEF /* Main.storyboard */ = {
			isa = PBXVariantGroup;
			children = (
				22A69365277004E90040FDEF /* Base */,
				220E0557299DD3D200F822F6 /* es */,
			);
			name = Main.storyboard;
			sourceTree = "<group>";
		};
/* End PBXVariantGroup section */

/* Begin XCBuildConfiguration section */
		220082632765505100A8524B /* Debug */ = {
			isa = XCBuildConfiguration;
			buildSettings = {
				ALWAYS_SEARCH_USER_PATHS = NO;
				CLANG_ANALYZER_LOCALIZABILITY_NONLOCALIZED = YES;
				CLANG_ANALYZER_NONNULL = YES;
				CLANG_ANALYZER_NUMBER_OBJECT_CONVERSION = YES_AGGRESSIVE;
				CLANG_CXX_LANGUAGE_STANDARD = "gnu++17";
				CLANG_CXX_LIBRARY = "libc++";
				CLANG_ENABLE_MODULES = YES;
				CLANG_ENABLE_OBJC_ARC = YES;
				CLANG_ENABLE_OBJC_WEAK = YES;
				CLANG_WARN_BLOCK_CAPTURE_AUTORELEASING = YES;
				CLANG_WARN_BOOL_CONVERSION = YES;
				CLANG_WARN_COMMA = YES;
				CLANG_WARN_CONSTANT_CONVERSION = YES;
				CLANG_WARN_DEPRECATED_OBJC_IMPLEMENTATIONS = YES;
				CLANG_WARN_DIRECT_OBJC_ISA_USAGE = YES_ERROR;
				CLANG_WARN_DOCUMENTATION_COMMENTS = YES;
				CLANG_WARN_EMPTY_BODY = YES;
				CLANG_WARN_ENUM_CONVERSION = YES;
				CLANG_WARN_INFINITE_RECURSION = YES;
				CLANG_WARN_INT_CONVERSION = YES;
				CLANG_WARN_NON_LITERAL_NULL_CONVERSION = YES;
				CLANG_WARN_OBJC_IMPLICIT_RETAIN_SELF = YES;
				CLANG_WARN_OBJC_LITERAL_CONVERSION = YES;
				CLANG_WARN_OBJC_ROOT_CLASS = YES_ERROR;
				CLANG_WARN_QUOTED_INCLUDE_IN_FRAMEWORK_HEADER = YES;
				CLANG_WARN_RANGE_LOOP_ANALYSIS = YES;
				CLANG_WARN_STRICT_PROTOTYPES = YES;
				CLANG_WARN_SUSPICIOUS_MOVE = YES;
				CLANG_WARN_UNGUARDED_AVAILABILITY = YES_AGGRESSIVE;
				CLANG_WARN_UNREACHABLE_CODE = YES;
				CLANG_WARN__DUPLICATE_METHOD_MATCH = YES;
				COPY_PHASE_STRIP = NO;
				DEAD_CODE_STRIPPING = YES;
				DEBUG_INFORMATION_FORMAT = dwarf;
				ENABLE_STRICT_OBJC_MSGSEND = YES;
				ENABLE_TESTABILITY = YES;
				GCC_C_LANGUAGE_STANDARD = gnu11;
				GCC_DYNAMIC_NO_PIC = NO;
				GCC_NO_COMMON_BLOCKS = YES;
				GCC_OPTIMIZATION_LEVEL = 0;
				GCC_PREPROCESSOR_DEFINITIONS = (
					"DEBUG=1",
					"$(inherited)",
				);
				GCC_WARN_64_TO_32_BIT_CONVERSION = YES;
				GCC_WARN_ABOUT_RETURN_TYPE = YES_ERROR;
				GCC_WARN_UNDECLARED_SELECTOR = YES;
				GCC_WARN_UNINITIALIZED_AUTOS = YES_AGGRESSIVE;
				GCC_WARN_UNUSED_FUNCTION = YES;
				GCC_WARN_UNUSED_VARIABLE = YES;
				MACOSX_DEPLOYMENT_TARGET = "$(RECOMMENDED_MACOSX_DEPLOYMENT_TARGET)";
				MTL_ENABLE_DEBUG_INFO = INCLUDE_SOURCE;
				MTL_FAST_MATH = YES;
				ONLY_ACTIVE_ARCH = YES;
				SDKROOT = macosx;
				SWIFT_ACTIVE_COMPILATION_CONDITIONS = DEBUG;
				SWIFT_OPTIMIZATION_LEVEL = "-Onone";
			};
			name = Debug;
		};
		220082642765505100A8524B /* Release */ = {
			isa = XCBuildConfiguration;
			buildSettings = {
				ALWAYS_SEARCH_USER_PATHS = NO;
				CLANG_ANALYZER_LOCALIZABILITY_NONLOCALIZED = YES;
				CLANG_ANALYZER_NONNULL = YES;
				CLANG_ANALYZER_NUMBER_OBJECT_CONVERSION = YES_AGGRESSIVE;
				CLANG_CXX_LANGUAGE_STANDARD = "gnu++17";
				CLANG_CXX_LIBRARY = "libc++";
				CLANG_ENABLE_MODULES = YES;
				CLANG_ENABLE_OBJC_ARC = YES;
				CLANG_ENABLE_OBJC_WEAK = YES;
				CLANG_WARN_BLOCK_CAPTURE_AUTORELEASING = YES;
				CLANG_WARN_BOOL_CONVERSION = YES;
				CLANG_WARN_COMMA = YES;
				CLANG_WARN_CONSTANT_CONVERSION = YES;
				CLANG_WARN_DEPRECATED_OBJC_IMPLEMENTATIONS = YES;
				CLANG_WARN_DIRECT_OBJC_ISA_USAGE = YES_ERROR;
				CLANG_WARN_DOCUMENTATION_COMMENTS = YES;
				CLANG_WARN_EMPTY_BODY = YES;
				CLANG_WARN_ENUM_CONVERSION = YES;
				CLANG_WARN_INFINITE_RECURSION = YES;
				CLANG_WARN_INT_CONVERSION = YES;
				CLANG_WARN_NON_LITERAL_NULL_CONVERSION = YES;
				CLANG_WARN_OBJC_IMPLICIT_RETAIN_SELF = YES;
				CLANG_WARN_OBJC_LITERAL_CONVERSION = YES;
				CLANG_WARN_OBJC_ROOT_CLASS = YES_ERROR;
				CLANG_WARN_QUOTED_INCLUDE_IN_FRAMEWORK_HEADER = YES;
				CLANG_WARN_RANGE_LOOP_ANALYSIS = YES;
				CLANG_WARN_STRICT_PROTOTYPES = YES;
				CLANG_WARN_SUSPICIOUS_MOVE = YES;
				CLANG_WARN_UNGUARDED_AVAILABILITY = YES_AGGRESSIVE;
				CLANG_WARN_UNREACHABLE_CODE = YES;
				CLANG_WARN__DUPLICATE_METHOD_MATCH = YES;
				COPY_PHASE_STRIP = NO;
				DEAD_CODE_STRIPPING = YES;
				DEBUG_INFORMATION_FORMAT = "dwarf-with-dsym";
				ENABLE_NS_ASSERTIONS = NO;
				ENABLE_STRICT_OBJC_MSGSEND = YES;
				GCC_C_LANGUAGE_STANDARD = gnu11;
				GCC_NO_COMMON_BLOCKS = YES;
				GCC_WARN_64_TO_32_BIT_CONVERSION = YES;
				GCC_WARN_ABOUT_RETURN_TYPE = YES_ERROR;
				GCC_WARN_UNDECLARED_SELECTOR = YES;
				GCC_WARN_UNINITIALIZED_AUTOS = YES_AGGRESSIVE;
				GCC_WARN_UNUSED_FUNCTION = YES;
				GCC_WARN_UNUSED_VARIABLE = YES;
				MACOSX_DEPLOYMENT_TARGET = "$(RECOMMENDED_MACOSX_DEPLOYMENT_TARGET)";
				MTL_ENABLE_DEBUG_INFO = NO;
				MTL_FAST_MATH = YES;
				SDKROOT = macosx;
				SWIFT_COMPILATION_MODE = wholemodule;
				SWIFT_OPTIMIZATION_LEVEL = "-O";
			};
			name = Release;
		};
		220082662765505100A8524B /* Debug */ = {
			isa = XCBuildConfiguration;
			buildSettings = {
				ASSETCATALOG_COMPILER_APPICON_NAME = AppIcon;
				ASSETCATALOG_COMPILER_GLOBAL_ACCENT_COLOR_NAME = AccentColor;
				CODE_SIGN_ENTITLEMENTS = TmpDisk/TmpDisk.entitlements;
				CODE_SIGN_IDENTITY = "Apple Development";
				CODE_SIGN_STYLE = Automatic;
				COMBINE_HIDPI_IMAGES = YES;
				CURRENT_PROJECT_VERSION = 1016;
				DEAD_CODE_STRIPPING = YES;
				DEVELOPMENT_TEAM = AGZ3AP53DM;
				ENABLE_HARDENED_RUNTIME = YES;
				GENERATE_INFOPLIST_FILE = YES;
				INFOPLIST_FILE = TmpDisk/Info.plist;
				INFOPLIST_KEY_LSApplicationCategoryType = "public.app-category.utilities";
				INFOPLIST_KEY_LSUIElement = YES;
				INFOPLIST_KEY_NSHumanReadableCopyright = "Copyright © 2011 - 2022 @imothee. All rights reserved.";
				INFOPLIST_KEY_NSMainStoryboardFile = Main;
				INFOPLIST_KEY_NSPrincipalClass = NSApplication;
				LD_RUNPATH_SEARCH_PATHS = (
					"$(inherited)",
					"@executable_path/../Frameworks",
				);
				MACOSX_DEPLOYMENT_TARGET = "$(RECOMMENDED_MACOSX_DEPLOYMENT_TARGET)";
				MARKETING_VERSION = 2.1.0;
				PRODUCT_BUNDLE_IDENTIFIER = com.imothee.TmpDisk;
				PRODUCT_NAME = "$(TARGET_NAME)";
				SKIP_INSTALL = NO;
				SWIFT_EMIT_LOC_STRINGS = YES;
				SWIFT_VERSION = 5.0;
			};
			name = Debug;
		};
		220082672765505100A8524B /* Release */ = {
			isa = XCBuildConfiguration;
			buildSettings = {
				ASSETCATALOG_COMPILER_APPICON_NAME = AppIcon;
				ASSETCATALOG_COMPILER_GLOBAL_ACCENT_COLOR_NAME = AccentColor;
				CODE_SIGN_ENTITLEMENTS = TmpDisk/TmpDisk.entitlements;
				CODE_SIGN_IDENTITY = "Apple Development";
				CODE_SIGN_STYLE = Automatic;
				COMBINE_HIDPI_IMAGES = YES;
				CURRENT_PROJECT_VERSION = 1016;
				DEAD_CODE_STRIPPING = YES;
				DEVELOPMENT_TEAM = AGZ3AP53DM;
				ENABLE_HARDENED_RUNTIME = YES;
				GENERATE_INFOPLIST_FILE = YES;
				INFOPLIST_FILE = TmpDisk/Info.plist;
				INFOPLIST_KEY_LSApplicationCategoryType = "public.app-category.utilities";
				INFOPLIST_KEY_LSUIElement = YES;
				INFOPLIST_KEY_NSHumanReadableCopyright = "Copyright © 2011 - 2022 @imothee. All rights reserved.";
				INFOPLIST_KEY_NSMainStoryboardFile = Main;
				INFOPLIST_KEY_NSPrincipalClass = NSApplication;
				LD_RUNPATH_SEARCH_PATHS = (
					"$(inherited)",
					"@executable_path/../Frameworks",
				);
				MACOSX_DEPLOYMENT_TARGET = "$(RECOMMENDED_MACOSX_DEPLOYMENT_TARGET)";
				MARKETING_VERSION = 2.1.0;
				PRODUCT_BUNDLE_IDENTIFIER = com.imothee.TmpDisk;
				PRODUCT_NAME = "$(TARGET_NAME)";
				SKIP_INSTALL = NO;
				SWIFT_EMIT_LOC_STRINGS = YES;
				SWIFT_VERSION = 5.0;
			};
			name = Release;
		};
		220082692765505100A8524B /* Debug */ = {
			isa = XCBuildConfiguration;
			buildSettings = {
				ALWAYS_EMBED_SWIFT_STANDARD_LIBRARIES = YES;
				BUNDLE_LOADER = "$(TEST_HOST)";
				CODE_SIGN_STYLE = Automatic;
				COMBINE_HIDPI_IMAGES = YES;
				CURRENT_PROJECT_VERSION = 1;
				DEAD_CODE_STRIPPING = YES;
				DEVELOPMENT_TEAM = AGZ3AP53DM;
				GENERATE_INFOPLIST_FILE = YES;
				LD_RUNPATH_SEARCH_PATHS = (
					"$(inherited)",
					"@executable_path/../Frameworks",
					"@loader_path/../Frameworks",
				);
				MACOSX_DEPLOYMENT_TARGET = 12.0;
				MARKETING_VERSION = 1.0;
				PRODUCT_BUNDLE_IDENTIFIER = com.imothee.TmpDiskTests;
				PRODUCT_NAME = "$(TARGET_NAME)";
				SWIFT_EMIT_LOC_STRINGS = NO;
				SWIFT_VERSION = 5.0;
				TEST_HOST = "$(BUILT_PRODUCTS_DIR)/TmpDisk.app/Contents/MacOS/TmpDisk";
			};
			name = Debug;
		};
		2200826A2765505100A8524B /* Release */ = {
			isa = XCBuildConfiguration;
			buildSettings = {
				ALWAYS_EMBED_SWIFT_STANDARD_LIBRARIES = YES;
				BUNDLE_LOADER = "$(TEST_HOST)";
				CODE_SIGN_STYLE = Automatic;
				COMBINE_HIDPI_IMAGES = YES;
				CURRENT_PROJECT_VERSION = 1;
				DEAD_CODE_STRIPPING = YES;
				DEVELOPMENT_TEAM = AGZ3AP53DM;
				GENERATE_INFOPLIST_FILE = YES;
				LD_RUNPATH_SEARCH_PATHS = (
					"$(inherited)",
					"@executable_path/../Frameworks",
					"@loader_path/../Frameworks",
				);
				MACOSX_DEPLOYMENT_TARGET = 12.0;
				MARKETING_VERSION = 1.0;
				PRODUCT_BUNDLE_IDENTIFIER = com.imothee.TmpDiskTests;
				PRODUCT_NAME = "$(TARGET_NAME)";
				SWIFT_EMIT_LOC_STRINGS = NO;
				SWIFT_VERSION = 5.0;
				TEST_HOST = "$(BUILT_PRODUCTS_DIR)/TmpDisk.app/Contents/MacOS/TmpDisk";
			};
			name = Release;
		};
		2200826C2765505100A8524B /* Debug */ = {
			isa = XCBuildConfiguration;
			buildSettings = {
				ALWAYS_EMBED_SWIFT_STANDARD_LIBRARIES = YES;
				CODE_SIGN_STYLE = Automatic;
				COMBINE_HIDPI_IMAGES = YES;
				CURRENT_PROJECT_VERSION = 1;
				DEAD_CODE_STRIPPING = YES;
				DEVELOPMENT_TEAM = AGZ3AP53DM;
				GENERATE_INFOPLIST_FILE = YES;
				LD_RUNPATH_SEARCH_PATHS = (
					"$(inherited)",
					"@executable_path/../Frameworks",
					"@loader_path/../Frameworks",
				);
				MACOSX_DEPLOYMENT_TARGET = "$(RECOMMENDED_MACOSX_DEPLOYMENT_TARGET)";
				MARKETING_VERSION = 1.0;
				PRODUCT_BUNDLE_IDENTIFIER = com.imothee.TmpDiskUITests;
				PRODUCT_NAME = "$(TARGET_NAME)";
				SWIFT_EMIT_LOC_STRINGS = NO;
				SWIFT_VERSION = 5.0;
				TEST_TARGET_NAME = TmpDisk;
			};
			name = Debug;
		};
		2200826D2765505100A8524B /* Release */ = {
			isa = XCBuildConfiguration;
			buildSettings = {
				ALWAYS_EMBED_SWIFT_STANDARD_LIBRARIES = YES;
				CODE_SIGN_STYLE = Automatic;
				COMBINE_HIDPI_IMAGES = YES;
				CURRENT_PROJECT_VERSION = 1;
				DEAD_CODE_STRIPPING = YES;
				DEVELOPMENT_TEAM = AGZ3AP53DM;
				GENERATE_INFOPLIST_FILE = YES;
				LD_RUNPATH_SEARCH_PATHS = (
					"$(inherited)",
					"@executable_path/../Frameworks",
					"@loader_path/../Frameworks",
				);
				MACOSX_DEPLOYMENT_TARGET = "$(RECOMMENDED_MACOSX_DEPLOYMENT_TARGET)";
				MARKETING_VERSION = 1.0;
				PRODUCT_BUNDLE_IDENTIFIER = com.imothee.TmpDiskUITests;
				PRODUCT_NAME = "$(TARGET_NAME)";
				SWIFT_EMIT_LOC_STRINGS = NO;
				SWIFT_VERSION = 5.0;
				TEST_TARGET_NAME = TmpDisk;
			};
			name = Release;
		};
		2255872C2B8EDB7900136543 /* Debug */ = {
			isa = XCBuildConfiguration;
			buildSettings = {
				ASSETCATALOG_COMPILER_GENERATE_SWIFT_ASSET_SYMBOL_EXTENSIONS = YES;
				CLANG_CXX_LANGUAGE_STANDARD = "gnu++20";
				CODE_SIGN_STYLE = Automatic;
				CREATE_INFOPLIST_SECTION_IN_BINARY = YES;
				CURRENT_PROJECT_VERSION = 4;
				DEVELOPMENT_TEAM = AGZ3AP53DM;
				ENABLE_HARDENED_RUNTIME = YES;
				ENABLE_USER_SCRIPT_SANDBOXING = NO;
				GCC_C_LANGUAGE_STANDARD = gnu17;
				INFOPLIST_FILE = "$(SRCROOT)/com.imothee.TmpDiskHelper/Info.plist";
				LOCALIZATION_PREFERS_STRING_CATALOGS = YES;
				MACOSX_DEPLOYMENT_TARGET = "$(RECOMMENDED_MACOSX_DEPLOYMENT_TARGET)";
				MARKETING_VERSION = 2.1.0;
				OTHER_LDFLAGS = (
					"-sectcreate",
					__TEXT,
					__launchd_plist,
					"$(SRCROOT)/${TARGET_NAME}/launchd.plist",
				);
				PRODUCT_BUNDLE_IDENTIFIER = com.imothee.TmpDiskHelper;
				PRODUCT_NAME = "$(TARGET_NAME)";
				SKIP_INSTALL = YES;
				SWIFT_ACTIVE_COMPILATION_CONDITIONS = "DEBUG $(inherited)";
				SWIFT_OBJC_BRIDGING_HEADER = "$(SRCROOT)/$(TARGET_NAME)/com.imothee.TmpDiskHelper-Bridging-Header.h";
				SWIFT_VERSION = 5.0;
			};
			name = Debug;
		};
		2255872D2B8EDB7900136543 /* Release */ = {
			isa = XCBuildConfiguration;
			buildSettings = {
				ASSETCATALOG_COMPILER_GENERATE_SWIFT_ASSET_SYMBOL_EXTENSIONS = YES;
				CLANG_CXX_LANGUAGE_STANDARD = "gnu++20";
				CODE_SIGN_STYLE = Automatic;
				CREATE_INFOPLIST_SECTION_IN_BINARY = YES;
				CURRENT_PROJECT_VERSION = 4;
				DEVELOPMENT_TEAM = AGZ3AP53DM;
				ENABLE_HARDENED_RUNTIME = YES;
				ENABLE_USER_SCRIPT_SANDBOXING = NO;
				GCC_C_LANGUAGE_STANDARD = gnu17;
				INFOPLIST_FILE = "$(SRCROOT)/com.imothee.TmpDiskHelper/Info.plist";
				LOCALIZATION_PREFERS_STRING_CATALOGS = YES;
				MACOSX_DEPLOYMENT_TARGET = "$(RECOMMENDED_MACOSX_DEPLOYMENT_TARGET)";
				MARKETING_VERSION = 2.1.0;
				OTHER_LDFLAGS = (
					"-sectcreate",
					__TEXT,
					__launchd_plist,
					"$(SRCROOT)/${TARGET_NAME}/launchd.plist",
				);
				PRODUCT_BUNDLE_IDENTIFIER = com.imothee.TmpDiskHelper;
				PRODUCT_NAME = "$(TARGET_NAME)";
				SKIP_INSTALL = YES;
				SWIFT_OBJC_BRIDGING_HEADER = "$(SRCROOT)/$(TARGET_NAME)/com.imothee.TmpDiskHelper-Bridging-Header.h";
				SWIFT_VERSION = 5.0;
			};
			name = Release;
		};
		22A6937F277004EA0040FDEF /* Debug */ = {
			isa = XCBuildConfiguration;
			buildSettings = {
				ASSETCATALOG_COMPILER_APPICON_NAME = AppIcon;
				ASSETCATALOG_COMPILER_GLOBAL_ACCENT_COLOR_NAME = AccentColor;
				CODE_SIGN_ENTITLEMENTS = TmpDiskLauncher/TmpDiskLauncher.entitlements;
				CODE_SIGN_IDENTITY = "Apple Development";
				CODE_SIGN_STYLE = Automatic;
				COMBINE_HIDPI_IMAGES = YES;
				CURRENT_PROJECT_VERSION = 8;
				DEAD_CODE_STRIPPING = YES;
				DEVELOPMENT_TEAM = AGZ3AP53DM;
				ENABLE_HARDENED_RUNTIME = YES;
				GENERATE_INFOPLIST_FILE = YES;
				INFOPLIST_FILE = TmpDiskLauncher/Info.plist;
				INFOPLIST_KEY_LSApplicationCategoryType = "public.app-category.utilities";
				INFOPLIST_KEY_NSHumanReadableCopyright = "";
				INFOPLIST_KEY_NSMainStoryboardFile = Main;
				INFOPLIST_KEY_NSPrincipalClass = NSApplication;
				LD_RUNPATH_SEARCH_PATHS = (
					"$(inherited)",
					"@executable_path/../Frameworks",
				);
				MACOSX_DEPLOYMENT_TARGET = "$(RECOMMENDED_MACOSX_DEPLOYMENT_TARGET)";
				MARKETING_VERSION = 2.1.0;
				PRODUCT_BUNDLE_IDENTIFIER = com.imothee.TmpDiskLauncher;
				PRODUCT_NAME = "$(TARGET_NAME)";
				SKIP_INSTALL = YES;
				SWIFT_EMIT_LOC_STRINGS = YES;
				SWIFT_VERSION = 5.0;
			};
			name = Debug;
		};
		22A69380277004EA0040FDEF /* Release */ = {
			isa = XCBuildConfiguration;
			buildSettings = {
				ASSETCATALOG_COMPILER_APPICON_NAME = AppIcon;
				ASSETCATALOG_COMPILER_GLOBAL_ACCENT_COLOR_NAME = AccentColor;
				CODE_SIGN_ENTITLEMENTS = TmpDiskLauncher/TmpDiskLauncher.entitlements;
				CODE_SIGN_IDENTITY = "Apple Development";
				CODE_SIGN_STYLE = Automatic;
				COMBINE_HIDPI_IMAGES = YES;
				CURRENT_PROJECT_VERSION = 8;
				DEAD_CODE_STRIPPING = YES;
				DEVELOPMENT_TEAM = AGZ3AP53DM;
				ENABLE_HARDENED_RUNTIME = YES;
				GENERATE_INFOPLIST_FILE = YES;
				INFOPLIST_FILE = TmpDiskLauncher/Info.plist;
				INFOPLIST_KEY_LSApplicationCategoryType = "public.app-category.utilities";
				INFOPLIST_KEY_NSHumanReadableCopyright = "";
				INFOPLIST_KEY_NSMainStoryboardFile = Main;
				INFOPLIST_KEY_NSPrincipalClass = NSApplication;
				LD_RUNPATH_SEARCH_PATHS = (
					"$(inherited)",
					"@executable_path/../Frameworks",
				);
				MACOSX_DEPLOYMENT_TARGET = "$(RECOMMENDED_MACOSX_DEPLOYMENT_TARGET)";
				MARKETING_VERSION = 2.1.0;
				PRODUCT_BUNDLE_IDENTIFIER = com.imothee.TmpDiskLauncher;
				PRODUCT_NAME = "$(TARGET_NAME)";
				SKIP_INSTALL = YES;
				SWIFT_EMIT_LOC_STRINGS = YES;
				SWIFT_VERSION = 5.0;
			};
			name = Release;
		};
/* End XCBuildConfiguration section */

/* Begin XCConfigurationList section */
		2200823B2765504E00A8524B /* Build configuration list for PBXProject "TmpDisk" */ = {
			isa = XCConfigurationList;
			buildConfigurations = (
				220082632765505100A8524B /* Debug */,
				220082642765505100A8524B /* Release */,
			);
			defaultConfigurationIsVisible = 0;
			defaultConfigurationName = Release;
		};
		220082652765505100A8524B /* Build configuration list for PBXNativeTarget "TmpDisk" */ = {
			isa = XCConfigurationList;
			buildConfigurations = (
				220082662765505100A8524B /* Debug */,
				220082672765505100A8524B /* Release */,
			);
			defaultConfigurationIsVisible = 0;
			defaultConfigurationName = Release;
		};
		220082682765505100A8524B /* Build configuration list for PBXNativeTarget "TmpDiskTests" */ = {
			isa = XCConfigurationList;
			buildConfigurations = (
				220082692765505100A8524B /* Debug */,
				2200826A2765505100A8524B /* Release */,
			);
			defaultConfigurationIsVisible = 0;
			defaultConfigurationName = Release;
		};
		2200826B2765505100A8524B /* Build configuration list for PBXNativeTarget "TmpDiskUITests" */ = {
			isa = XCConfigurationList;
			buildConfigurations = (
				2200826C2765505100A8524B /* Debug */,
				2200826D2765505100A8524B /* Release */,
			);
			defaultConfigurationIsVisible = 0;
			defaultConfigurationName = Release;
		};
		2255872B2B8EDB7900136543 /* Build configuration list for PBXNativeTarget "com.imothee.TmpDiskHelper" */ = {
			isa = XCConfigurationList;
			buildConfigurations = (
				2255872C2B8EDB7900136543 /* Debug */,
				2255872D2B8EDB7900136543 /* Release */,
			);
			defaultConfigurationIsVisible = 0;
			defaultConfigurationName = Release;
		};
		22A6937E277004EA0040FDEF /* Build configuration list for PBXNativeTarget "TmpDiskLauncher" */ = {
			isa = XCConfigurationList;
			buildConfigurations = (
				22A6937F277004EA0040FDEF /* Debug */,
				22A69380277004EA0040FDEF /* Release */,
			);
			defaultConfigurationIsVisible = 0;
			defaultConfigurationName = Release;
		};
/* End XCConfigurationList section */

/* Begin XCRemoteSwiftPackageReference section */
		228DD722277426B000D6CAC3 /* XCRemoteSwiftPackageReference "Sparkle" */ = {
			isa = XCRemoteSwiftPackageReference;
			repositoryURL = "https://github.com/sparkle-project/Sparkle";
			requirement = {
				kind = upToNextMajorVersion;
				minimumVersion = 2.2.0;
			};
		};
/* End XCRemoteSwiftPackageReference section */

/* Begin XCSwiftPackageProductDependency section */
		228DD723277426B000D6CAC3 /* Sparkle */ = {
			isa = XCSwiftPackageProductDependency;
			package = 228DD722277426B000D6CAC3 /* XCRemoteSwiftPackageReference "Sparkle" */;
			productName = Sparkle;
		};
/* End XCSwiftPackageProductDependency section */
	};
	rootObject = 220082382765504E00A8524B /* Project object */;
}
